
Microsoft Visual Studio Solution File, Format Version 12.00
# Visual Studio Version 16
VisualStudioVersion = 25.0.1706.0
MinimumVisualStudioVersion = 10.0.40219.1
Project("{FAE04EC0-301F-11D3-BF4B-00C04F79EFBC}") = "HotReloadKit.VSMac", "HotReloadKit.VSMac.csproj", "{72C3B3C3-621C-4A0C-8BF6-ABB306101D55}"
EndProject
Global
	GlobalSection(SolutionConfigurationPlatforms) = preSolution
		Debug|Any CPU = Debug|Any CPU
		Release|Any CPU = Release|Any CPU
	EndGlobalSection
	GlobalSection(ProjectConfigurationPlatforms) = postSolution
		{72C3B3C3-621C-4A0C-8BF6-ABB306101D55}.Debug|Any CPU.ActiveCfg = Debug|Any CPU
		{72C3B3C3-621C-4A0C-8BF6-ABB306101D55}.Debug|Any CPU.Build.0 = Debug|Any CPU
		{72C3B3C3-621C-4A0C-8BF6-ABB306101D55}.Release|Any CPU.ActiveCfg = Release|Any CPU
		{72C3B3C3-621C-4A0C-8BF6-ABB306101D55}.Release|Any CPU.Build.0 = Release|Any CPU
	EndGlobalSection
	GlobalSection(SolutionProperties) = preSolution
		HideSolutionNode = FALSE
	EndGlobalSection
	GlobalSection(ExtensibilityGlobals) = postSolution
		SolutionGuid = {0EADD1BE-F9D1-4F22-AA0C-316F9A58F99B}
	EndGlobalSection
EndGlobal
